// !$*UTF8*$!
{
	archiveVersion = 1;
	classes = {
	};
	objectVersion = 55;
	objects = {

/* Begin PBXBuildFile section */
		30B774032C8863D3024AA8A8 /* Pods_GithubRepos.framework in Frameworks */ = {isa = PBXBuildFile; fileRef = 7A92DC3A6916A72BECA3AEFF /* Pods_GithubRepos.framework */; };
		7FC642D04382469D55F01670 /* Pods_GithubReposTests.framework in Frameworks */ = {isa = PBXBuildFile; fileRef = 3A5E0B519F7D7DD519616CCF /* Pods_GithubReposTests.framework */; };
		A69038CDCF1B8F277E2FE685 /* Pods_GithubRepos_GithubReposUITests.framework in Frameworks */ = {isa = PBXBuildFile; fileRef = 8FD21BD3F475F68E47961595 /* Pods_GithubRepos_GithubReposUITests.framework */; };
		EF65FE3C2819C88F00746FBA /* AppDelegate.swift in Sources */ = {isa = PBXBuildFile; fileRef = EF65FE3B2819C88F00746FBA /* AppDelegate.swift */; };
		EF65FE402819C88F00746FBA /* ReposListViewController.swift in Sources */ = {isa = PBXBuildFile; fileRef = EF65FE3F2819C88F00746FBA /* ReposListViewController.swift */; };
		EF65FE452819C89000746FBA /* Assets.xcassets in Resources */ = {isa = PBXBuildFile; fileRef = EF65FE442819C89000746FBA /* Assets.xcassets */; };
		EF65FE482819C89000746FBA /* LaunchScreen.storyboard in Resources */ = {isa = PBXBuildFile; fileRef = EF65FE462819C89000746FBA /* LaunchScreen.storyboard */; };
		EF65FE532819C89000746FBA /* GithubReposTests.swift in Sources */ = {isa = PBXBuildFile; fileRef = EF65FE522819C89000746FBA /* GithubReposTests.swift */; };
		EF65FE5D2819C89100746FBA /* GithubReposUITests.swift in Sources */ = {isa = PBXBuildFile; fileRef = EF65FE5C2819C89100746FBA /* GithubReposUITests.swift */; };
		EF65FE5F2819C89100746FBA /* GithubReposUITestsLaunchTests.swift in Sources */ = {isa = PBXBuildFile; fileRef = EF65FE5E2819C89100746FBA /* GithubReposUITestsLaunchTests.swift */; };
		EF65FE6D2819C94400746FBA /* FlowCoordinator.swift in Sources */ = {isa = PBXBuildFile; fileRef = EF65FE6C2819C94400746FBA /* FlowCoordinator.swift */; };
		EF65FE6F2819C9CA00746FBA /* AppFlowCoordinator.swift in Sources */ = {isa = PBXBuildFile; fileRef = EF65FE6E2819C9CA00746FBA /* AppFlowCoordinator.swift */; };
		EF65FE712819CA7D00746FBA /* FlowCoordinatorDependencyProviders.swift in Sources */ = {isa = PBXBuildFile; fileRef = EF65FE702819CA7D00746FBA /* FlowCoordinatorDependencyProviders.swift */; };
		EF65FE732819CAE700746FBA /* ReposListNavigator.swift in Sources */ = {isa = PBXBuildFile; fileRef = EF65FE722819CAE700746FBA /* ReposListNavigator.swift */; };
		EF65FE752819CF2F00746FBA /* ApplicationComponentsFactory.swift in Sources */ = {isa = PBXBuildFile; fileRef = EF65FE742819CF2F00746FBA /* ApplicationComponentsFactory.swift */; };
		EF65FE782819D70000746FBA /* ReposListFlowCoordinator.swift in Sources */ = {isa = PBXBuildFile; fileRef = EF65FE772819D70000746FBA /* ReposListFlowCoordinator.swift */; };
		EF65FE7B2819D73D00746FBA /* ServiceProvider.swift in Sources */ = {isa = PBXBuildFile; fileRef = EF65FE7A2819D73D00746FBA /* ServiceProvider.swift */; };
		EF65FE7F2819D9C600746FBA /* Resource.swift in Sources */ = {isa = PBXBuildFile; fileRef = EF65FE7E2819D9C600746FBA /* Resource.swift */; };
		EF65FE812819D9FB00746FBA /* NetworkServiceType.swift in Sources */ = {isa = PBXBuildFile; fileRef = EF65FE802819D9FB00746FBA /* NetworkServiceType.swift */; };
		EF65FE842819DA4500746FBA /* NetworkService.swift in Sources */ = {isa = PBXBuildFile; fileRef = EF65FE832819DA4500746FBA /* NetworkService.swift */; };
		EF65FE862819DA7A00746FBA /* GHContants.swift in Sources */ = {isa = PBXBuildFile; fileRef = EF65FE852819DA7A00746FBA /* GHContants.swift */; };
		EF65FE8A2819DCAD00746FBA /* Publisher+flatMapLatest.swift in Sources */ = {isa = PBXBuildFile; fileRef = EF65FE892819DCAD00746FBA /* Publisher+flatMapLatest.swift */; };
		EF65FE8C2819DD2700746FBA /* Publisher+ConvenienceMethods.swift in Sources */ = {isa = PBXBuildFile; fileRef = EF65FE8B2819DD2700746FBA /* Publisher+ConvenienceMethods.swift */; };
		EF65FE902819DDF300746FBA /* AutoMockable.swift in Sources */ = {isa = PBXBuildFile; fileRef = EF65FE8F2819DDF300746FBA /* AutoMockable.swift */; };
		EF65FE922819DE0700746FBA /* AccessibilityIdentifiers.swift in Sources */ = {isa = PBXBuildFile; fileRef = EF65FE912819DE0700746FBA /* AccessibilityIdentifiers.swift */; };
		EF65FE972819DE8F00746FBA /* ImageLoaderService.swift in Sources */ = {isa = PBXBuildFile; fileRef = EF65FE962819DE8F00746FBA /* ImageLoaderService.swift */; };
		EF65FE992819DEB900746FBA /* ImageCache.swift in Sources */ = {isa = PBXBuildFile; fileRef = EF65FE982819DEB900746FBA /* ImageCache.swift */; };
		EF65FE9C2819E05800746FBA /* Resource+Repository.swift in Sources */ = {isa = PBXBuildFile; fileRef = EF65FE9B2819E05800746FBA /* Resource+Repository.swift */; };
		EF65FEA12819E0B200746FBA /* Repository.swift in Sources */ = {isa = PBXBuildFile; fileRef = EF65FEA02819E0B200746FBA /* Repository.swift */; };
		EF65FEA32819E16500746FBA /* RepoDetail.swift in Sources */ = {isa = PBXBuildFile; fileRef = EF65FEA22819E16500746FBA /* RepoDetail.swift */; };
		EF65FEA52819E31A00746FBA /* RepositoriesUseCaseType.swift in Sources */ = {isa = PBXBuildFile; fileRef = EF65FEA42819E31A00746FBA /* RepositoriesUseCaseType.swift */; };
		EF65FEA82819E39500746FBA /* RepositoriesUseCase.swift in Sources */ = {isa = PBXBuildFile; fileRef = EF65FEA72819E39500746FBA /* RepositoriesUseCase.swift */; };
		EF65FEAA2819E5AC00746FBA /* Scheduler.swift in Sources */ = {isa = PBXBuildFile; fileRef = EF65FEA92819E5AC00746FBA /* Scheduler.swift */; };
		EF65FEAC2819E6BE00746FBA /* DateFormatter+Formatters.swift in Sources */ = {isa = PBXBuildFile; fileRef = EF65FEAB2819E6BE00746FBA /* DateFormatter+Formatters.swift */; };
		EF65FEB12819EADA00746FBA /* RepositoryListViewModelType.swift in Sources */ = {isa = PBXBuildFile; fileRef = EF65FEB02819EADA00746FBA /* RepositoryListViewModelType.swift */; };
		EF65FEB32819EB4900746FBA /* RepoViewModel.swift in Sources */ = {isa = PBXBuildFile; fileRef = EF65FEB22819EB4900746FBA /* RepoViewModel.swift */; };
		EF65FEB72819EC6F00746FBA /* RepoListViewModel.swift in Sources */ = {isa = PBXBuildFile; fileRef = EF65FEB62819EC6F00746FBA /* RepoListViewModel.swift */; };
		EF65FEBA2819EF9E00746FBA /* RepoListView.swift in Sources */ = {isa = PBXBuildFile; fileRef = EF65FEB92819EF9E00746FBA /* RepoListView.swift */; };
		EF65FEBC2819F26500746FBA /* RepoCollectionViewCell.swift in Sources */ = {isa = PBXBuildFile; fileRef = EF65FEBB2819F26500746FBA /* RepoCollectionViewCell.swift */; };
		EF7060E22819FACA00D9D86D /* UIView+Pin.swift in Sources */ = {isa = PBXBuildFile; fileRef = EF7060E12819FACA00D9D86D /* UIView+Pin.swift */; };
		EF7060E4281A03FF00D9D86D /* String+matching.swift in Sources */ = {isa = PBXBuildFile; fileRef = EF7060E3281A03FF00D9D86D /* String+matching.swift */; };
		EF7060E6281A2AB100D9D86D /* RoundedCellViewComponents.swift in Sources */ = {isa = PBXBuildFile; fileRef = EF7060E5281A2AB100D9D86D /* RoundedCellViewComponents.swift */; };
		EF7060E8281A2C9100D9D86D /* ReposCollectionViewDelegate.swift in Sources */ = {isa = PBXBuildFile; fileRef = EF7060E7281A2C9100D9D86D /* ReposCollectionViewDelegate.swift */; };
		EF7060EB281A3C9800D9D86D /* Haptics.swift in Sources */ = {isa = PBXBuildFile; fileRef = EF7060EA281A3C9800D9D86D /* Haptics.swift */; };
		EF7060F2281A590700D9D86D /* RepoDetailViewModel.swift in Sources */ = {isa = PBXBuildFile; fileRef = EF7060F1281A590700D9D86D /* RepoDetailViewModel.swift */; };
		EF7060F4281A593C00D9D86D /* RepoDetailViewModelType.swift in Sources */ = {isa = PBXBuildFile; fileRef = EF7060F3281A593C00D9D86D /* RepoDetailViewModelType.swift */; };
		EF7060F6281A5A7900D9D86D /* RepoDetailViewController.swift in Sources */ = {isa = PBXBuildFile; fileRef = EF7060F5281A5A7900D9D86D /* RepoDetailViewController.swift */; };
		EF7060FA281AA44E00D9D86D /* ShadowView.swift in Sources */ = {isa = PBXBuildFile; fileRef = EF7060F9281AA44E00D9D86D /* ShadowView.swift */; };
/* End PBXBuildFile section */

/* Begin PBXContainerItemProxy section */
		EF65FE4F2819C89000746FBA /* PBXContainerItemProxy */ = {
			isa = PBXContainerItemProxy;
			containerPortal = EF65FE302819C88F00746FBA /* Project object */;
			proxyType = 1;
			remoteGlobalIDString = EF65FE372819C88F00746FBA;
			remoteInfo = GithubRepos;
		};
		EF65FE592819C89100746FBA /* PBXContainerItemProxy */ = {
			isa = PBXContainerItemProxy;
			containerPortal = EF65FE302819C88F00746FBA /* Project object */;
			proxyType = 1;
			remoteGlobalIDString = EF65FE372819C88F00746FBA;
			remoteInfo = GithubRepos;
		};
/* End PBXContainerItemProxy section */

/* Begin PBXFileReference section */
		016A9374AC17A7AC47578BE1 /* Pods-GithubReposTests.release.xcconfig */ = {isa = PBXFileReference; includeInIndex = 1; lastKnownFileType = text.xcconfig; name = "Pods-GithubReposTests.release.xcconfig"; path = "Target Support Files/Pods-GithubReposTests/Pods-GithubReposTests.release.xcconfig"; sourceTree = "<group>"; };
		3A5E0B519F7D7DD519616CCF /* Pods_GithubReposTests.framework */ = {isa = PBXFileReference; explicitFileType = wrapper.framework; includeInIndex = 0; path = Pods_GithubReposTests.framework; sourceTree = BUILT_PRODUCTS_DIR; };
		4E2D956062EE63665DAAEF63 /* Pods-GithubRepos.debug.xcconfig */ = {isa = PBXFileReference; includeInIndex = 1; lastKnownFileType = text.xcconfig; name = "Pods-GithubRepos.debug.xcconfig"; path = "Target Support Files/Pods-GithubRepos/Pods-GithubRepos.debug.xcconfig"; sourceTree = "<group>"; };
		738356F1739D4BE53C2825DF /* Pods-GithubReposTests.debug.xcconfig */ = {isa = PBXFileReference; includeInIndex = 1; lastKnownFileType = text.xcconfig; name = "Pods-GithubReposTests.debug.xcconfig"; path = "Target Support Files/Pods-GithubReposTests/Pods-GithubReposTests.debug.xcconfig"; sourceTree = "<group>"; };
		7A92DC3A6916A72BECA3AEFF /* Pods_GithubRepos.framework */ = {isa = PBXFileReference; explicitFileType = wrapper.framework; includeInIndex = 0; path = Pods_GithubRepos.framework; sourceTree = BUILT_PRODUCTS_DIR; };
		8FD21BD3F475F68E47961595 /* Pods_GithubRepos_GithubReposUITests.framework */ = {isa = PBXFileReference; explicitFileType = wrapper.framework; includeInIndex = 0; path = Pods_GithubRepos_GithubReposUITests.framework; sourceTree = BUILT_PRODUCTS_DIR; };
		9574E8712F13A446851EA9D7 /* Pods-GithubRepos.release.xcconfig */ = {isa = PBXFileReference; includeInIndex = 1; lastKnownFileType = text.xcconfig; name = "Pods-GithubRepos.release.xcconfig"; path = "Target Support Files/Pods-GithubRepos/Pods-GithubRepos.release.xcconfig"; sourceTree = "<group>"; };
		BB1D9D6777A8860268FE321C /* Pods-GithubRepos-GithubReposUITests.debug.xcconfig */ = {isa = PBXFileReference; includeInIndex = 1; lastKnownFileType = text.xcconfig; name = "Pods-GithubRepos-GithubReposUITests.debug.xcconfig"; path = "Target Support Files/Pods-GithubRepos-GithubReposUITests/Pods-GithubRepos-GithubReposUITests.debug.xcconfig"; sourceTree = "<group>"; };
		C5B7DFF6C8FBFA332437A0CE /* Pods-GithubRepos-GithubReposUITests.release.xcconfig */ = {isa = PBXFileReference; includeInIndex = 1; lastKnownFileType = text.xcconfig; name = "Pods-GithubRepos-GithubReposUITests.release.xcconfig"; path = "Target Support Files/Pods-GithubRepos-GithubReposUITests/Pods-GithubRepos-GithubReposUITests.release.xcconfig"; sourceTree = "<group>"; };
		EF65FE382819C88F00746FBA /* GithubRepos.app */ = {isa = PBXFileReference; explicitFileType = wrapper.application; includeInIndex = 0; path = GithubRepos.app; sourceTree = BUILT_PRODUCTS_DIR; };
		EF65FE3B2819C88F00746FBA /* AppDelegate.swift */ = {isa = PBXFileReference; lastKnownFileType = sourcecode.swift; path = AppDelegate.swift; sourceTree = "<group>"; };
		EF65FE3F2819C88F00746FBA /* ReposListViewController.swift */ = {isa = PBXFileReference; lastKnownFileType = sourcecode.swift; path = ReposListViewController.swift; sourceTree = "<group>"; };
		EF65FE442819C89000746FBA /* Assets.xcassets */ = {isa = PBXFileReference; lastKnownFileType = folder.assetcatalog; path = Assets.xcassets; sourceTree = "<group>"; };
		EF65FE472819C89000746FBA /* Base */ = {isa = PBXFileReference; lastKnownFileType = file.storyboard; name = Base; path = Base.lproj/LaunchScreen.storyboard; sourceTree = "<group>"; };
		EF65FE492819C89000746FBA /* Info.plist */ = {isa = PBXFileReference; lastKnownFileType = text.plist.xml; path = Info.plist; sourceTree = "<group>"; };
		EF65FE4E2819C89000746FBA /* GithubReposTests.xctest */ = {isa = PBXFileReference; explicitFileType = wrapper.cfbundle; includeInIndex = 0; path = GithubReposTests.xctest; sourceTree = BUILT_PRODUCTS_DIR; };
		EF65FE522819C89000746FBA /* GithubReposTests.swift */ = {isa = PBXFileReference; lastKnownFileType = sourcecode.swift; path = GithubReposTests.swift; sourceTree = "<group>"; };
		EF65FE582819C89100746FBA /* GithubReposUITests.xctest */ = {isa = PBXFileReference; explicitFileType = wrapper.cfbundle; includeInIndex = 0; path = GithubReposUITests.xctest; sourceTree = BUILT_PRODUCTS_DIR; };
		EF65FE5C2819C89100746FBA /* GithubReposUITests.swift */ = {isa = PBXFileReference; lastKnownFileType = sourcecode.swift; path = GithubReposUITests.swift; sourceTree = "<group>"; };
		EF65FE5E2819C89100746FBA /* GithubReposUITestsLaunchTests.swift */ = {isa = PBXFileReference; lastKnownFileType = sourcecode.swift; path = GithubReposUITestsLaunchTests.swift; sourceTree = "<group>"; };
		EF65FE6C2819C94400746FBA /* FlowCoordinator.swift */ = {isa = PBXFileReference; lastKnownFileType = sourcecode.swift; path = FlowCoordinator.swift; sourceTree = "<group>"; };
		EF65FE6E2819C9CA00746FBA /* AppFlowCoordinator.swift */ = {isa = PBXFileReference; lastKnownFileType = sourcecode.swift; path = AppFlowCoordinator.swift; sourceTree = "<group>"; };
		EF65FE702819CA7D00746FBA /* FlowCoordinatorDependencyProviders.swift */ = {isa = PBXFileReference; lastKnownFileType = sourcecode.swift; path = FlowCoordinatorDependencyProviders.swift; sourceTree = "<group>"; };
		EF65FE722819CAE700746FBA /* ReposListNavigator.swift */ = {isa = PBXFileReference; lastKnownFileType = sourcecode.swift; path = ReposListNavigator.swift; sourceTree = "<group>"; };
		EF65FE742819CF2F00746FBA /* ApplicationComponentsFactory.swift */ = {isa = PBXFileReference; lastKnownFileType = sourcecode.swift; path = ApplicationComponentsFactory.swift; sourceTree = "<group>"; };
		EF65FE772819D70000746FBA /* ReposListFlowCoordinator.swift */ = {isa = PBXFileReference; lastKnownFileType = sourcecode.swift; path = ReposListFlowCoordinator.swift; sourceTree = "<group>"; };
		EF65FE7A2819D73D00746FBA /* ServiceProvider.swift */ = {isa = PBXFileReference; lastKnownFileType = sourcecode.swift; path = ServiceProvider.swift; sourceTree = "<group>"; };
		EF65FE7E2819D9C600746FBA /* Resource.swift */ = {isa = PBXFileReference; lastKnownFileType = sourcecode.swift; path = Resource.swift; sourceTree = "<group>"; };
		EF65FE802819D9FB00746FBA /* NetworkServiceType.swift */ = {isa = PBXFileReference; lastKnownFileType = sourcecode.swift; path = NetworkServiceType.swift; sourceTree = "<group>"; };
		EF65FE832819DA4500746FBA /* NetworkService.swift */ = {isa = PBXFileReference; lastKnownFileType = sourcecode.swift; path = NetworkService.swift; sourceTree = "<group>"; };
		EF65FE852819DA7A00746FBA /* GHContants.swift */ = {isa = PBXFileReference; lastKnownFileType = sourcecode.swift; path = GHContants.swift; sourceTree = "<group>"; };
		EF65FE892819DCAD00746FBA /* Publisher+flatMapLatest.swift */ = {isa = PBXFileReference; lastKnownFileType = sourcecode.swift; path = "Publisher+flatMapLatest.swift"; sourceTree = "<group>"; };
		EF65FE8B2819DD2700746FBA /* Publisher+ConvenienceMethods.swift */ = {isa = PBXFileReference; lastKnownFileType = sourcecode.swift; path = "Publisher+ConvenienceMethods.swift"; sourceTree = "<group>"; };
		EF65FE8F2819DDF300746FBA /* AutoMockable.swift */ = {isa = PBXFileReference; lastKnownFileType = sourcecode.swift; path = AutoMockable.swift; sourceTree = "<group>"; };
		EF65FE912819DE0700746FBA /* AccessibilityIdentifiers.swift */ = {isa = PBXFileReference; lastKnownFileType = sourcecode.swift; path = AccessibilityIdentifiers.swift; sourceTree = "<group>"; };
		EF65FE962819DE8F00746FBA /* ImageLoaderService.swift */ = {isa = PBXFileReference; lastKnownFileType = sourcecode.swift; path = ImageLoaderService.swift; sourceTree = "<group>"; };
		EF65FE982819DEB900746FBA /* ImageCache.swift */ = {isa = PBXFileReference; lastKnownFileType = sourcecode.swift; path = ImageCache.swift; sourceTree = "<group>"; };
		EF65FE9B2819E05800746FBA /* Resource+Repository.swift */ = {isa = PBXFileReference; lastKnownFileType = sourcecode.swift; path = "Resource+Repository.swift"; sourceTree = "<group>"; };
		EF65FEA02819E0B200746FBA /* Repository.swift */ = {isa = PBXFileReference; lastKnownFileType = sourcecode.swift; path = Repository.swift; sourceTree = "<group>"; };
		EF65FEA22819E16500746FBA /* RepoDetail.swift */ = {isa = PBXFileReference; lastKnownFileType = sourcecode.swift; path = RepoDetail.swift; sourceTree = "<group>"; };
		EF65FEA42819E31A00746FBA /* RepositoriesUseCaseType.swift */ = {isa = PBXFileReference; lastKnownFileType = sourcecode.swift; path = RepositoriesUseCaseType.swift; sourceTree = "<group>"; };
		EF65FEA72819E39500746FBA /* RepositoriesUseCase.swift */ = {isa = PBXFileReference; lastKnownFileType = sourcecode.swift; path = RepositoriesUseCase.swift; sourceTree = "<group>"; };
		EF65FEA92819E5AC00746FBA /* Scheduler.swift */ = {isa = PBXFileReference; lastKnownFileType = sourcecode.swift; path = Scheduler.swift; sourceTree = "<group>"; };
		EF65FEAB2819E6BE00746FBA /* DateFormatter+Formatters.swift */ = {isa = PBXFileReference; lastKnownFileType = sourcecode.swift; path = "DateFormatter+Formatters.swift"; sourceTree = "<group>"; };
		EF65FEB02819EADA00746FBA /* RepositoryListViewModelType.swift */ = {isa = PBXFileReference; lastKnownFileType = sourcecode.swift; path = RepositoryListViewModelType.swift; sourceTree = "<group>"; };
		EF65FEB22819EB4900746FBA /* RepoViewModel.swift */ = {isa = PBXFileReference; lastKnownFileType = sourcecode.swift; path = RepoViewModel.swift; sourceTree = "<group>"; };
		EF65FEB62819EC6F00746FBA /* RepoListViewModel.swift */ = {isa = PBXFileReference; lastKnownFileType = sourcecode.swift; path = RepoListViewModel.swift; sourceTree = "<group>"; };
		EF65FEB92819EF9E00746FBA /* RepoListView.swift */ = {isa = PBXFileReference; lastKnownFileType = sourcecode.swift; path = RepoListView.swift; sourceTree = "<group>"; };
		EF65FEBB2819F26500746FBA /* RepoCollectionViewCell.swift */ = {isa = PBXFileReference; lastKnownFileType = sourcecode.swift; path = RepoCollectionViewCell.swift; sourceTree = "<group>"; };
		EF7060E12819FACA00D9D86D /* UIView+Pin.swift */ = {isa = PBXFileReference; lastKnownFileType = sourcecode.swift; path = "UIView+Pin.swift"; sourceTree = "<group>"; };
		EF7060E3281A03FF00D9D86D /* String+matching.swift */ = {isa = PBXFileReference; lastKnownFileType = sourcecode.swift; path = "String+matching.swift"; sourceTree = "<group>"; };
		EF7060E5281A2AB100D9D86D /* RoundedCellViewComponents.swift */ = {isa = PBXFileReference; lastKnownFileType = sourcecode.swift; path = RoundedCellViewComponents.swift; sourceTree = "<group>"; };
		EF7060E7281A2C9100D9D86D /* ReposCollectionViewDelegate.swift */ = {isa = PBXFileReference; lastKnownFileType = sourcecode.swift; path = ReposCollectionViewDelegate.swift; sourceTree = "<group>"; };
		EF7060EA281A3C9800D9D86D /* Haptics.swift */ = {isa = PBXFileReference; lastKnownFileType = sourcecode.swift; path = Haptics.swift; sourceTree = "<group>"; };
		EF7060F1281A590700D9D86D /* RepoDetailViewModel.swift */ = {isa = PBXFileReference; lastKnownFileType = sourcecode.swift; path = RepoDetailViewModel.swift; sourceTree = "<group>"; };
		EF7060F3281A593C00D9D86D /* RepoDetailViewModelType.swift */ = {isa = PBXFileReference; lastKnownFileType = sourcecode.swift; path = RepoDetailViewModelType.swift; sourceTree = "<group>"; };
		EF7060F5281A5A7900D9D86D /* RepoDetailViewController.swift */ = {isa = PBXFileReference; lastKnownFileType = sourcecode.swift; path = RepoDetailViewController.swift; sourceTree = "<group>"; };
		EF7060F9281AA44E00D9D86D /* ShadowView.swift */ = {isa = PBXFileReference; lastKnownFileType = sourcecode.swift; path = ShadowView.swift; sourceTree = "<group>"; };
/* End PBXFileReference section */

/* Begin PBXFrameworksBuildPhase section */
		EF65FE352819C88F00746FBA /* Frameworks */ = {
			isa = PBXFrameworksBuildPhase;
			buildActionMask = 2147483647;
			files = (
				30B774032C8863D3024AA8A8 /* Pods_GithubRepos.framework in Frameworks */,
			);
			runOnlyForDeploymentPostprocessing = 0;
		};
		EF65FE4B2819C89000746FBA /* Frameworks */ = {
			isa = PBXFrameworksBuildPhase;
			buildActionMask = 2147483647;
			files = (
				7FC642D04382469D55F01670 /* Pods_GithubReposTests.framework in Frameworks */,
			);
			runOnlyForDeploymentPostprocessing = 0;
		};
		EF65FE552819C89100746FBA /* Frameworks */ = {
			isa = PBXFrameworksBuildPhase;
			buildActionMask = 2147483647;
			files = (
				A69038CDCF1B8F277E2FE685 /* Pods_GithubRepos_GithubReposUITests.framework in Frameworks */,
			);
			runOnlyForDeploymentPostprocessing = 0;
		};
/* End PBXFrameworksBuildPhase section */

/* Begin PBXGroup section */
		7029967E3C100D1594FC5039 /* Pods */ = {
			isa = PBXGroup;
			children = (
				4E2D956062EE63665DAAEF63 /* Pods-GithubRepos.debug.xcconfig */,
				9574E8712F13A446851EA9D7 /* Pods-GithubRepos.release.xcconfig */,
				BB1D9D6777A8860268FE321C /* Pods-GithubRepos-GithubReposUITests.debug.xcconfig */,
				C5B7DFF6C8FBFA332437A0CE /* Pods-GithubRepos-GithubReposUITests.release.xcconfig */,
				738356F1739D4BE53C2825DF /* Pods-GithubReposTests.debug.xcconfig */,
				016A9374AC17A7AC47578BE1 /* Pods-GithubReposTests.release.xcconfig */,
			);
			path = Pods;
			sourceTree = "<group>";
		};
		998F2F40C3F5AB4F9A4FD08C /* Frameworks */ = {
			isa = PBXGroup;
			children = (
				7A92DC3A6916A72BECA3AEFF /* Pods_GithubRepos.framework */,
				8FD21BD3F475F68E47961595 /* Pods_GithubRepos_GithubReposUITests.framework */,
				3A5E0B519F7D7DD519616CCF /* Pods_GithubReposTests.framework */,
			);
			name = Frameworks;
			sourceTree = "<group>";
		};
		EF65FE2F2819C88F00746FBA = {
			isa = PBXGroup;
			children = (
				EF65FE3A2819C88F00746FBA /* GithubRepos */,
				EF65FE512819C89000746FBA /* GithubReposTests */,
				EF65FE5B2819C89100746FBA /* GithubReposUITests */,
				EF65FE392819C88F00746FBA /* Products */,
				7029967E3C100D1594FC5039 /* Pods */,
				998F2F40C3F5AB4F9A4FD08C /* Frameworks */,
			);
			sourceTree = "<group>";
		};
		EF65FE392819C88F00746FBA /* Products */ = {
			isa = PBXGroup;
			children = (
				EF65FE382819C88F00746FBA /* GithubRepos.app */,
				EF65FE4E2819C89000746FBA /* GithubReposTests.xctest */,
				EF65FE582819C89100746FBA /* GithubReposUITests.xctest */,
			);
			name = Products;
			sourceTree = "<group>";
		};
		EF65FE3A2819C88F00746FBA /* GithubRepos */ = {
			isa = PBXGroup;
			children = (
				EF65FE6B2819C93200746FBA /* FlowCoordinator */,
				EF65FE8D2819DD9700746FBA /* Screens */,
				EF65FE7C2819D76500746FBA /* Services */,
				EF65FE8E2819DDE300746FBA /* Utils */,
				EF65FE872819DC4900746FBA /* Extentions */,
				EF65FE882819DC6100746FBA /* Resources */,
				EF65FE9A2819E03600746FBA /* UseCases */,
				EF65FE9F2819E09200746FBA /* Entities */,
				EF65FE3B2819C88F00746FBA /* AppDelegate.swift */,
				EF65FE492819C89000746FBA /* Info.plist */,
			);
			path = GithubRepos;
			sourceTree = "<group>";
		};
		EF65FE512819C89000746FBA /* GithubReposTests */ = {
			isa = PBXGroup;
			children = (
				EF65FE522819C89000746FBA /* GithubReposTests.swift */,
			);
			path = GithubReposTests;
			sourceTree = "<group>";
		};
		EF65FE5B2819C89100746FBA /* GithubReposUITests */ = {
			isa = PBXGroup;
			children = (
				EF65FE5C2819C89100746FBA /* GithubReposUITests.swift */,
				EF65FE5E2819C89100746FBA /* GithubReposUITestsLaunchTests.swift */,
			);
			path = GithubReposUITests;
			sourceTree = "<group>";
		};
		EF65FE6B2819C93200746FBA /* FlowCoordinator */ = {
			isa = PBXGroup;
			children = (
				EF65FE6C2819C94400746FBA /* FlowCoordinator.swift */,
				EF65FE762819D6D900746FBA /* AppFlowCoordinator */,
				EF65FE702819CA7D00746FBA /* FlowCoordinatorDependencyProviders.swift */,
				EF65FE742819CF2F00746FBA /* ApplicationComponentsFactory.swift */,
			);
			path = FlowCoordinator;
			sourceTree = "<group>";
		};
		EF65FE762819D6D900746FBA /* AppFlowCoordinator */ = {
			isa = PBXGroup;
			children = (
				EF65FE6E2819C9CA00746FBA /* AppFlowCoordinator.swift */,
				EF65FE772819D70000746FBA /* ReposListFlowCoordinator.swift */,
			);
			path = AppFlowCoordinator;
			sourceTree = "<group>";
		};
		EF65FE7C2819D76500746FBA /* Services */ = {
			isa = PBXGroup;
			children = (
				EF65FE952819DE8000746FBA /* ImageLoader */,
				EF65FE7D2819D9AF00746FBA /* Network */,
				EF65FE7A2819D73D00746FBA /* ServiceProvider.swift */,
			);
			path = Services;
			sourceTree = "<group>";
		};
		EF65FE7D2819D9AF00746FBA /* Network */ = {
			isa = PBXGroup;
			children = (
				EF65FE822819DA2900746FBA /* NetworkService */,
			);
			path = Network;
			sourceTree = "<group>";
		};
		EF65FE822819DA2900746FBA /* NetworkService */ = {
			isa = PBXGroup;
			children = (
				EF65FE7E2819D9C600746FBA /* Resource.swift */,
				EF65FE802819D9FB00746FBA /* NetworkServiceType.swift */,
				EF65FE832819DA4500746FBA /* NetworkService.swift */,
			);
			path = NetworkService;
			sourceTree = "<group>";
		};
		EF65FE872819DC4900746FBA /* Extentions */ = {
			isa = PBXGroup;
			children = (
				EF65FE892819DCAD00746FBA /* Publisher+flatMapLatest.swift */,
				EF7060E12819FACA00D9D86D /* UIView+Pin.swift */,
				EF65FE8B2819DD2700746FBA /* Publisher+ConvenienceMethods.swift */,
				EF65FEAB2819E6BE00746FBA /* DateFormatter+Formatters.swift */,
				EF7060E3281A03FF00D9D86D /* String+matching.swift */,
			);
			path = Extentions;
			sourceTree = "<group>";
		};
		EF65FE882819DC6100746FBA /* Resources */ = {
			isa = PBXGroup;
			children = (
				EF65FE442819C89000746FBA /* Assets.xcassets */,
				EF65FE462819C89000746FBA /* LaunchScreen.storyboard */,
			);
			path = Resources;
			sourceTree = "<group>";
		};
		EF65FE8D2819DD9700746FBA /* Screens */ = {
			isa = PBXGroup;
			children = (
				EF7060F0281A58EF00D9D86D /* RepoDetail */,
				EF65FEAD2819EAA100746FBA /* ReposList */,
				EF7060F5281A5A7900D9D86D /* RepoDetailViewController.swift */,
			);
			path = Screens;
			sourceTree = "<group>";
		};
		EF65FE8E2819DDE300746FBA /* Utils */ = {
			isa = PBXGroup;
			children = (
				EF65FE852819DA7A00746FBA /* GHContants.swift */,
				EF65FE8F2819DDF300746FBA /* AutoMockable.swift */,
				EF65FE912819DE0700746FBA /* AccessibilityIdentifiers.swift */,
				EF65FEA92819E5AC00746FBA /* Scheduler.swift */,
				EF7060EA281A3C9800D9D86D /* Haptics.swift */,
				EF7060F9281AA44E00D9D86D /* ShadowView.swift */,
			);
			path = Utils;
			sourceTree = "<group>";
		};
		EF65FE952819DE8000746FBA /* ImageLoader */ = {
			isa = PBXGroup;
			children = (
				EF65FE962819DE8F00746FBA /* ImageLoaderService.swift */,
				EF65FE982819DEB900746FBA /* ImageCache.swift */,
			);
			path = ImageLoader;
			sourceTree = "<group>";
		};
		EF65FE9A2819E03600746FBA /* UseCases */ = {
			isa = PBXGroup;
			children = (
				EF65FE9B2819E05800746FBA /* Resource+Repository.swift */,
				EF65FEA62819E31F00746FBA /* RepositoryUseCase */,
			);
			path = UseCases;
			sourceTree = "<group>";
		};
		EF65FE9F2819E09200746FBA /* Entities */ = {
			isa = PBXGroup;
			children = (
				EF65FEA02819E0B200746FBA /* Repository.swift */,
				EF65FEA22819E16500746FBA /* RepoDetail.swift */,
			);
			path = Entities;
			sourceTree = "<group>";
		};
		EF65FEA62819E31F00746FBA /* RepositoryUseCase */ = {
			isa = PBXGroup;
			children = (
				EF65FEA42819E31A00746FBA /* RepositoriesUseCaseType.swift */,
				EF65FEA72819E39500746FBA /* RepositoriesUseCase.swift */,
			);
			path = RepositoryUseCase;
			sourceTree = "<group>";
		};
		EF65FEAD2819EAA100746FBA /* ReposList */ = {
			isa = PBXGroup;
			children = (
				EF65FEB82819EF2700746FBA /* Views */,
				EF65FEAE2819EABB00746FBA /* Navigator */,
				EF65FEAF2819EAC300746FBA /* ViewModel */,
			);
			path = ReposList;
			sourceTree = "<group>";
		};
		EF65FEAE2819EABB00746FBA /* Navigator */ = {
			isa = PBXGroup;
			children = (
				EF65FE722819CAE700746FBA /* ReposListNavigator.swift */,
			);
			path = Navigator;
			sourceTree = "<group>";
		};
		EF65FEAF2819EAC300746FBA /* ViewModel */ = {
			isa = PBXGroup;
			children = (
				EF65FEB42819EC1400746FBA /* RepoListViewModel */,
				EF65FEB52819EC1E00746FBA /* RepoViewModel */,
			);
			path = ViewModel;
			sourceTree = "<group>";
		};
		EF65FEB42819EC1400746FBA /* RepoListViewModel */ = {
			isa = PBXGroup;
			children = (
				EF65FEB02819EADA00746FBA /* RepositoryListViewModelType.swift */,
				EF65FEB62819EC6F00746FBA /* RepoListViewModel.swift */,
			);
			path = RepoListViewModel;
			sourceTree = "<group>";
		};
		EF65FEB52819EC1E00746FBA /* RepoViewModel */ = {
			isa = PBXGroup;
			children = (
				EF65FEB22819EB4900746FBA /* RepoViewModel.swift */,
			);
			path = RepoViewModel;
			sourceTree = "<group>";
		};
		EF65FEB82819EF2700746FBA /* Views */ = {
			isa = PBXGroup;
			children = (
				EF65FE3F2819C88F00746FBA /* ReposListViewController.swift */,
				EF7060E7281A2C9100D9D86D /* ReposCollectionViewDelegate.swift */,
				EF65FEBB2819F26500746FBA /* RepoCollectionViewCell.swift */,
				EF7060E5281A2AB100D9D86D /* RoundedCellViewComponents.swift */,
				EF65FEB92819EF9E00746FBA /* RepoListView.swift */,
			);
			path = Views;
			sourceTree = "<group>";
		};
		EF7060F0281A58EF00D9D86D /* RepoDetail */ = {
			isa = PBXGroup;
			children = (
				EF7060F1281A590700D9D86D /* RepoDetailViewModel.swift */,
				EF7060F3281A593C00D9D86D /* RepoDetailViewModelType.swift */,
			);
			path = RepoDetail;
			sourceTree = "<group>";
		};
/* End PBXGroup section */

/* Begin PBXNativeTarget section */
		EF65FE372819C88F00746FBA /* GithubRepos */ = {
			isa = PBXNativeTarget;
			buildConfigurationList = EF65FE622819C89100746FBA /* Build configuration list for PBXNativeTarget "GithubRepos" */;
			buildPhases = (
				028515CB4364A97A9C3D144D /* [CP] Check Pods Manifest.lock */,
				EF7060E9281A348800D9D86D /* SwiftLint */,
				EF65FE342819C88F00746FBA /* Sources */,
				EF65FE352819C88F00746FBA /* Frameworks */,
				EF65FE362819C88F00746FBA /* Resources */,
				B8525B20BF6D5328DC7F9669 /* [CP] Embed Pods Frameworks */,
			);
			buildRules = (
			);
			dependencies = (
			);
			name = GithubRepos;
			productName = GithubRepos;
			productReference = EF65FE382819C88F00746FBA /* GithubRepos.app */;
			productType = "com.apple.product-type.application";
		};
		EF65FE4D2819C89000746FBA /* GithubReposTests */ = {
			isa = PBXNativeTarget;
			buildConfigurationList = EF65FE652819C89100746FBA /* Build configuration list for PBXNativeTarget "GithubReposTests" */;
			buildPhases = (
				E9A0CE0D4D442727703E7FD0 /* [CP] Check Pods Manifest.lock */,
				EF65FE4A2819C89000746FBA /* Sources */,
				EF65FE4B2819C89000746FBA /* Frameworks */,
				EF65FE4C2819C89000746FBA /* Resources */,
			);
			buildRules = (
			);
			dependencies = (
				EF65FE502819C89000746FBA /* PBXTargetDependency */,
			);
			name = GithubReposTests;
			productName = GithubReposTests;
			productReference = EF65FE4E2819C89000746FBA /* GithubReposTests.xctest */;
			productType = "com.apple.product-type.bundle.unit-test";
		};
		EF65FE572819C89100746FBA /* GithubReposUITests */ = {
			isa = PBXNativeTarget;
			buildConfigurationList = EF65FE682819C89100746FBA /* Build configuration list for PBXNativeTarget "GithubReposUITests" */;
			buildPhases = (
				9F2C979904BA8E2E1EEFAC5E /* [CP] Check Pods Manifest.lock */,
				EF65FE542819C89100746FBA /* Sources */,
				EF65FE552819C89100746FBA /* Frameworks */,
				EF65FE562819C89100746FBA /* Resources */,
				66C873FFD5CE6166DE688C40 /* [CP] Embed Pods Frameworks */,
			);
			buildRules = (
			);
			dependencies = (
				EF65FE5A2819C89100746FBA /* PBXTargetDependency */,
			);
			name = GithubReposUITests;
			productName = GithubReposUITests;
			productReference = EF65FE582819C89100746FBA /* GithubReposUITests.xctest */;
			productType = "com.apple.product-type.bundle.ui-testing";
		};
/* End PBXNativeTarget section */

/* Begin PBXProject section */
		EF65FE302819C88F00746FBA /* Project object */ = {
			isa = PBXProject;
			attributes = {
				BuildIndependentTargetsInParallel = 1;
				LastSwiftUpdateCheck = 1330;
				LastUpgradeCheck = 1330;
				TargetAttributes = {
					EF65FE372819C88F00746FBA = {
						CreatedOnToolsVersion = 13.3;
					};
					EF65FE4D2819C89000746FBA = {
						CreatedOnToolsVersion = 13.3;
						TestTargetID = EF65FE372819C88F00746FBA;
					};
					EF65FE572819C89100746FBA = {
						CreatedOnToolsVersion = 13.3;
						TestTargetID = EF65FE372819C88F00746FBA;
					};
				};
			};
			buildConfigurationList = EF65FE332819C88F00746FBA /* Build configuration list for PBXProject "GithubRepos" */;
			compatibilityVersion = "Xcode 13.0";
			developmentRegion = en;
			hasScannedForEncodings = 0;
			knownRegions = (
				en,
				Base,
			);
			mainGroup = EF65FE2F2819C88F00746FBA;
			productRefGroup = EF65FE392819C88F00746FBA /* Products */;
			projectDirPath = "";
			projectRoot = "";
			targets = (
				EF65FE372819C88F00746FBA /* GithubRepos */,
				EF65FE4D2819C89000746FBA /* GithubReposTests */,
				EF65FE572819C89100746FBA /* GithubReposUITests */,
			);
		};
/* End PBXProject section */

/* Begin PBXResourcesBuildPhase section */
		EF65FE362819C88F00746FBA /* Resources */ = {
			isa = PBXResourcesBuildPhase;
			buildActionMask = 2147483647;
			files = (
				EF65FE482819C89000746FBA /* LaunchScreen.storyboard in Resources */,
				EF65FE452819C89000746FBA /* Assets.xcassets in Resources */,
			);
			runOnlyForDeploymentPostprocessing = 0;
		};
		EF65FE4C2819C89000746FBA /* Resources */ = {
			isa = PBXResourcesBuildPhase;
			buildActionMask = 2147483647;
			files = (
			);
			runOnlyForDeploymentPostprocessing = 0;
		};
		EF65FE562819C89100746FBA /* Resources */ = {
			isa = PBXResourcesBuildPhase;
			buildActionMask = 2147483647;
			files = (
			);
			runOnlyForDeploymentPostprocessing = 0;
		};
/* End PBXResourcesBuildPhase section */

/* Begin PBXShellScriptBuildPhase section */
		028515CB4364A97A9C3D144D /* [CP] Check Pods Manifest.lock */ = {
			isa = PBXShellScriptBuildPhase;
			buildActionMask = 2147483647;
			files = (
			);
			inputFileListPaths = (
			);
			inputPaths = (
				"${PODS_PODFILE_DIR_PATH}/Podfile.lock",
				"${PODS_ROOT}/Manifest.lock",
			);
			name = "[CP] Check Pods Manifest.lock";
			outputFileListPaths = (
			);
			outputPaths = (
				"$(DERIVED_FILE_DIR)/Pods-GithubRepos-checkManifestLockResult.txt",
			);
			runOnlyForDeploymentPostprocessing = 0;
			shellPath = /bin/sh;
			shellScript = "diff \"${PODS_PODFILE_DIR_PATH}/Podfile.lock\" \"${PODS_ROOT}/Manifest.lock\" > /dev/null\nif [ $? != 0 ] ; then\n    # print error to STDERR\n    echo \"error: The sandbox is not in sync with the Podfile.lock. Run 'pod install' or update your CocoaPods installation.\" >&2\n    exit 1\nfi\n# This output is used by Xcode 'outputs' to avoid re-running this script phase.\necho \"SUCCESS\" > \"${SCRIPT_OUTPUT_FILE_0}\"\n";
			showEnvVarsInLog = 0;
		};
		66C873FFD5CE6166DE688C40 /* [CP] Embed Pods Frameworks */ = {
			isa = PBXShellScriptBuildPhase;
			buildActionMask = 2147483647;
			files = (
			);
			inputFileListPaths = (
				"${PODS_ROOT}/Target Support Files/Pods-GithubRepos-GithubReposUITests/Pods-GithubRepos-GithubReposUITests-frameworks-${CONFIGURATION}-input-files.xcfilelist",
			);
			name = "[CP] Embed Pods Frameworks";
			outputFileListPaths = (
				"${PODS_ROOT}/Target Support Files/Pods-GithubRepos-GithubReposUITests/Pods-GithubRepos-GithubReposUITests-frameworks-${CONFIGURATION}-output-files.xcfilelist",
			);
			runOnlyForDeploymentPostprocessing = 0;
			shellPath = /bin/sh;
			shellScript = "\"${PODS_ROOT}/Target Support Files/Pods-GithubRepos-GithubReposUITests/Pods-GithubRepos-GithubReposUITests-frameworks.sh\"\n";
			showEnvVarsInLog = 0;
		};
		9F2C979904BA8E2E1EEFAC5E /* [CP] Check Pods Manifest.lock */ = {
			isa = PBXShellScriptBuildPhase;
			buildActionMask = 2147483647;
			files = (
			);
			inputFileListPaths = (
			);
			inputPaths = (
				"${PODS_PODFILE_DIR_PATH}/Podfile.lock",
				"${PODS_ROOT}/Manifest.lock",
			);
			name = "[CP] Check Pods Manifest.lock";
			outputFileListPaths = (
			);
			outputPaths = (
				"$(DERIVED_FILE_DIR)/Pods-GithubRepos-GithubReposUITests-checkManifestLockResult.txt",
			);
			runOnlyForDeploymentPostprocessing = 0;
			shellPath = /bin/sh;
			shellScript = "diff \"${PODS_PODFILE_DIR_PATH}/Podfile.lock\" \"${PODS_ROOT}/Manifest.lock\" > /dev/null\nif [ $? != 0 ] ; then\n    # print error to STDERR\n    echo \"error: The sandbox is not in sync with the Podfile.lock. Run 'pod install' or update your CocoaPods installation.\" >&2\n    exit 1\nfi\n# This output is used by Xcode 'outputs' to avoid re-running this script phase.\necho \"SUCCESS\" > \"${SCRIPT_OUTPUT_FILE_0}\"\n";
			showEnvVarsInLog = 0;
		};
		B8525B20BF6D5328DC7F9669 /* [CP] Embed Pods Frameworks */ = {
			isa = PBXShellScriptBuildPhase;
			buildActionMask = 2147483647;
			files = (
			);
			inputFileListPaths = (
				"${PODS_ROOT}/Target Support Files/Pods-GithubRepos/Pods-GithubRepos-frameworks-${CONFIGURATION}-input-files.xcfilelist",
			);
			name = "[CP] Embed Pods Frameworks";
			outputFileListPaths = (
				"${PODS_ROOT}/Target Support Files/Pods-GithubRepos/Pods-GithubRepos-frameworks-${CONFIGURATION}-output-files.xcfilelist",
			);
			runOnlyForDeploymentPostprocessing = 0;
			shellPath = /bin/sh;
			shellScript = "\"${PODS_ROOT}/Target Support Files/Pods-GithubRepos/Pods-GithubRepos-frameworks.sh\"\n";
			showEnvVarsInLog = 0;
		};
		E9A0CE0D4D442727703E7FD0 /* [CP] Check Pods Manifest.lock */ = {
			isa = PBXShellScriptBuildPhase;
			buildActionMask = 2147483647;
			files = (
			);
			inputFileListPaths = (
			);
			inputPaths = (
				"${PODS_PODFILE_DIR_PATH}/Podfile.lock",
				"${PODS_ROOT}/Manifest.lock",
			);
			name = "[CP] Check Pods Manifest.lock";
			outputFileListPaths = (
			);
			outputPaths = (
				"$(DERIVED_FILE_DIR)/Pods-GithubReposTests-checkManifestLockResult.txt",
			);
			runOnlyForDeploymentPostprocessing = 0;
			shellPath = /bin/sh;
			shellScript = "diff \"${PODS_PODFILE_DIR_PATH}/Podfile.lock\" \"${PODS_ROOT}/Manifest.lock\" > /dev/null\nif [ $? != 0 ] ; then\n    # print error to STDERR\n    echo \"error: The sandbox is not in sync with the Podfile.lock. Run 'pod install' or update your CocoaPods installation.\" >&2\n    exit 1\nfi\n# This output is used by Xcode 'outputs' to avoid re-running this script phase.\necho \"SUCCESS\" > \"${SCRIPT_OUTPUT_FILE_0}\"\n";
			showEnvVarsInLog = 0;
		};
		EF7060E9281A348800D9D86D /* SwiftLint */ = {
			isa = PBXShellScriptBuildPhase;
			buildActionMask = 2147483647;
			files = (
			);
			inputFileListPaths = (
			);
			inputPaths = (
			);
			name = SwiftLint;
			outputFileListPaths = (
			);
			outputPaths = (
			);
			runOnlyForDeploymentPostprocessing = 0;
			shellPath = /bin/sh;
			shellScript = "export PATH=\"$PATH:/opt/homebrew/bin\"\nif which swiftlint > /dev/null; then\n  swiftlint --fix && swiftlint\nelse\n  echo \"warning: SwiftLint not installed, download from https://github.com/realm/SwiftLint\"\nfi\n";
		};
/* End PBXShellScriptBuildPhase section */

/* Begin PBXSourcesBuildPhase section */
		EF65FE342819C88F00746FBA /* Sources */ = {
			isa = PBXSourcesBuildPhase;
			buildActionMask = 2147483647;
			files = (
				EF7060EB281A3C9800D9D86D /* Haptics.swift in Sources */,
				EF65FEAA2819E5AC00746FBA /* Scheduler.swift in Sources */,
				EF65FE972819DE8F00746FBA /* ImageLoaderService.swift in Sources */,
				EF65FE732819CAE700746FBA /* ReposListNavigator.swift in Sources */,
				EF7060FA281AA44E00D9D86D /* ShadowView.swift in Sources */,
				EF65FE6D2819C94400746FBA /* FlowCoordinator.swift in Sources */,
				EF65FEBA2819EF9E00746FBA /* RepoListView.swift in Sources */,
				EF65FE782819D70000746FBA /* ReposListFlowCoordinator.swift in Sources */,
				EF65FE7F2819D9C600746FBA /* Resource.swift in Sources */,
				EF65FEB72819EC6F00746FBA /* RepoListViewModel.swift in Sources */,
				EF7060F2281A590700D9D86D /* RepoDetailViewModel.swift in Sources */,
				EF65FE922819DE0700746FBA /* AccessibilityIdentifiers.swift in Sources */,
				EF7060F6281A5A7900D9D86D /* RepoDetailViewController.swift in Sources */,
				EF65FE902819DDF300746FBA /* AutoMockable.swift in Sources */,
				EF65FE7B2819D73D00746FBA /* ServiceProvider.swift in Sources */,
				EF65FE402819C88F00746FBA /* ReposListViewController.swift in Sources */,
				EF65FE992819DEB900746FBA /* ImageCache.swift in Sources */,
				EF65FE6F2819C9CA00746FBA /* AppFlowCoordinator.swift in Sources */,
				EF7060E6281A2AB100D9D86D /* RoundedCellViewComponents.swift in Sources */,
				EF65FE812819D9FB00746FBA /* NetworkServiceType.swift in Sources */,
				EF65FE752819CF2F00746FBA /* ApplicationComponentsFactory.swift in Sources */,
				EF65FEA82819E39500746FBA /* RepositoriesUseCase.swift in Sources */,
				EF65FEB12819EADA00746FBA /* RepositoryListViewModelType.swift in Sources */,
				EF65FEB32819EB4900746FBA /* RepoViewModel.swift in Sources */,
				EF65FEAC2819E6BE00746FBA /* DateFormatter+Formatters.swift in Sources */,
				EF65FE3C2819C88F00746FBA /* AppDelegate.swift in Sources */,
				EF65FEA12819E0B200746FBA /* Repository.swift in Sources */,
				EF7060E22819FACA00D9D86D /* UIView+Pin.swift in Sources */,
				EF65FE842819DA4500746FBA /* NetworkService.swift in Sources */,
				EF65FE9C2819E05800746FBA /* Resource+Repository.swift in Sources */,
				EF65FEA52819E31A00746FBA /* RepositoriesUseCaseType.swift in Sources */,
				EF65FE712819CA7D00746FBA /* FlowCoordinatorDependencyProviders.swift in Sources */,
				EF7060E8281A2C9100D9D86D /* ReposCollectionViewDelegate.swift in Sources */,
				EF65FEBC2819F26500746FBA /* RepoCollectionViewCell.swift in Sources */,
				EF7060E4281A03FF00D9D86D /* String+matching.swift in Sources */,
				EF65FEA32819E16500746FBA /* RepoDetail.swift in Sources */,
				EF65FE862819DA7A00746FBA /* GHContants.swift in Sources */,
				EF65FE8C2819DD2700746FBA /* Publisher+ConvenienceMethods.swift in Sources */,
				EF65FE8A2819DCAD00746FBA /* Publisher+flatMapLatest.swift in Sources */,
				EF7060F4281A593C00D9D86D /* RepoDetailViewModelType.swift in Sources */,
			);
			runOnlyForDeploymentPostprocessing = 0;
		};
		EF65FE4A2819C89000746FBA /* Sources */ = {
			isa = PBXSourcesBuildPhase;
			buildActionMask = 2147483647;
			files = (
				EF65FE532819C89000746FBA /* GithubReposTests.swift in Sources */,
			);
			runOnlyForDeploymentPostprocessing = 0;
		};
		EF65FE542819C89100746FBA /* Sources */ = {
			isa = PBXSourcesBuildPhase;
			buildActionMask = 2147483647;
			files = (
				EF65FE5D2819C89100746FBA /* GithubReposUITests.swift in Sources */,
				EF65FE5F2819C89100746FBA /* GithubReposUITestsLaunchTests.swift in Sources */,
			);
			runOnlyForDeploymentPostprocessing = 0;
		};
/* End PBXSourcesBuildPhase section */

/* Begin PBXTargetDependency section */
		EF65FE502819C89000746FBA /* PBXTargetDependency */ = {
			isa = PBXTargetDependency;
			target = EF65FE372819C88F00746FBA /* GithubRepos */;
			targetProxy = EF65FE4F2819C89000746FBA /* PBXContainerItemProxy */;
		};
		EF65FE5A2819C89100746FBA /* PBXTargetDependency */ = {
			isa = PBXTargetDependency;
			target = EF65FE372819C88F00746FBA /* GithubRepos */;
			targetProxy = EF65FE592819C89100746FBA /* PBXContainerItemProxy */;
		};
/* End PBXTargetDependency section */

/* Begin PBXVariantGroup section */
		EF65FE462819C89000746FBA /* LaunchScreen.storyboard */ = {
			isa = PBXVariantGroup;
			children = (
				EF65FE472819C89000746FBA /* Base */,
			);
			name = LaunchScreen.storyboard;
			sourceTree = "<group>";
		};
/* End PBXVariantGroup section */

/* Begin XCBuildConfiguration section */
		EF65FE602819C89100746FBA /* Debug */ = {
			isa = XCBuildConfiguration;
			buildSettings = {
				ALWAYS_SEARCH_USER_PATHS = NO;
				CLANG_ANALYZER_NONNULL = YES;
				CLANG_ANALYZER_NUMBER_OBJECT_CONVERSION = YES_AGGRESSIVE;
				CLANG_CXX_LANGUAGE_STANDARD = "gnu++17";
				CLANG_ENABLE_MODULES = YES;
				CLANG_ENABLE_OBJC_ARC = YES;
				CLANG_ENABLE_OBJC_WEAK = YES;
				CLANG_WARN_BLOCK_CAPTURE_AUTORELEASING = YES;
				CLANG_WARN_BOOL_CONVERSION = YES;
				CLANG_WARN_COMMA = YES;
				CLANG_WARN_CONSTANT_CONVERSION = YES;
				CLANG_WARN_DEPRECATED_OBJC_IMPLEMENTATIONS = YES;
				CLANG_WARN_DIRECT_OBJC_ISA_USAGE = YES_ERROR;
				CLANG_WARN_DOCUMENTATION_COMMENTS = YES;
				CLANG_WARN_EMPTY_BODY = YES;
				CLANG_WARN_ENUM_CONVERSION = YES;
				CLANG_WARN_INFINITE_RECURSION = YES;
				CLANG_WARN_INT_CONVERSION = YES;
				CLANG_WARN_NON_LITERAL_NULL_CONVERSION = YES;
				CLANG_WARN_OBJC_IMPLICIT_RETAIN_SELF = YES;
				CLANG_WARN_OBJC_LITERAL_CONVERSION = YES;
				CLANG_WARN_OBJC_ROOT_CLASS = YES_ERROR;
				CLANG_WARN_QUOTED_INCLUDE_IN_FRAMEWORK_HEADER = YES;
				CLANG_WARN_RANGE_LOOP_ANALYSIS = YES;
				CLANG_WARN_STRICT_PROTOTYPES = YES;
				CLANG_WARN_SUSPICIOUS_MOVE = YES;
				CLANG_WARN_UNGUARDED_AVAILABILITY = YES_AGGRESSIVE;
				CLANG_WARN_UNREACHABLE_CODE = YES;
				CLANG_WARN__DUPLICATE_METHOD_MATCH = YES;
				COPY_PHASE_STRIP = NO;
				DEBUG_INFORMATION_FORMAT = dwarf;
				ENABLE_STRICT_OBJC_MSGSEND = YES;
				ENABLE_TESTABILITY = YES;
				GCC_C_LANGUAGE_STANDARD = gnu11;
				GCC_DYNAMIC_NO_PIC = NO;
				GCC_NO_COMMON_BLOCKS = YES;
				GCC_OPTIMIZATION_LEVEL = 0;
				GCC_PREPROCESSOR_DEFINITIONS = (
					"DEBUG=1",
					"$(inherited)",
				);
				GCC_WARN_64_TO_32_BIT_CONVERSION = YES;
				GCC_WARN_ABOUT_RETURN_TYPE = YES_ERROR;
				GCC_WARN_UNDECLARED_SELECTOR = YES;
				GCC_WARN_UNINITIALIZED_AUTOS = YES_AGGRESSIVE;
				GCC_WARN_UNUSED_FUNCTION = YES;
				GCC_WARN_UNUSED_VARIABLE = YES;
				IPHONEOS_DEPLOYMENT_TARGET = 15.4;
				MTL_ENABLE_DEBUG_INFO = INCLUDE_SOURCE;
				MTL_FAST_MATH = YES;
				ONLY_ACTIVE_ARCH = YES;
				SDKROOT = iphoneos;
				SWIFT_ACTIVE_COMPILATION_CONDITIONS = DEBUG;
				SWIFT_OPTIMIZATION_LEVEL = "-Onone";
			};
			name = Debug;
		};
		EF65FE612819C89100746FBA /* Release */ = {
			isa = XCBuildConfiguration;
			buildSettings = {
				ALWAYS_SEARCH_USER_PATHS = NO;
				CLANG_ANALYZER_NONNULL = YES;
				CLANG_ANALYZER_NUMBER_OBJECT_CONVERSION = YES_AGGRESSIVE;
				CLANG_CXX_LANGUAGE_STANDARD = "gnu++17";
				CLANG_ENABLE_MODULES = YES;
				CLANG_ENABLE_OBJC_ARC = YES;
				CLANG_ENABLE_OBJC_WEAK = YES;
				CLANG_WARN_BLOCK_CAPTURE_AUTORELEASING = YES;
				CLANG_WARN_BOOL_CONVERSION = YES;
				CLANG_WARN_COMMA = YES;
				CLANG_WARN_CONSTANT_CONVERSION = YES;
				CLANG_WARN_DEPRECATED_OBJC_IMPLEMENTATIONS = YES;
				CLANG_WARN_DIRECT_OBJC_ISA_USAGE = YES_ERROR;
				CLANG_WARN_DOCUMENTATION_COMMENTS = YES;
				CLANG_WARN_EMPTY_BODY = YES;
				CLANG_WARN_ENUM_CONVERSION = YES;
				CLANG_WARN_INFINITE_RECURSION = YES;
				CLANG_WARN_INT_CONVERSION = YES;
				CLANG_WARN_NON_LITERAL_NULL_CONVERSION = YES;
				CLANG_WARN_OBJC_IMPLICIT_RETAIN_SELF = YES;
				CLANG_WARN_OBJC_LITERAL_CONVERSION = YES;
				CLANG_WARN_OBJC_ROOT_CLASS = YES_ERROR;
				CLANG_WARN_QUOTED_INCLUDE_IN_FRAMEWORK_HEADER = YES;
				CLANG_WARN_RANGE_LOOP_ANALYSIS = YES;
				CLANG_WARN_STRICT_PROTOTYPES = YES;
				CLANG_WARN_SUSPICIOUS_MOVE = YES;
				CLANG_WARN_UNGUARDED_AVAILABILITY = YES_AGGRESSIVE;
				CLANG_WARN_UNREACHABLE_CODE = YES;
				CLANG_WARN__DUPLICATE_METHOD_MATCH = YES;
				COPY_PHASE_STRIP = NO;
				DEBUG_INFORMATION_FORMAT = "dwarf-with-dsym";
				ENABLE_NS_ASSERTIONS = NO;
				ENABLE_STRICT_OBJC_MSGSEND = YES;
				GCC_C_LANGUAGE_STANDARD = gnu11;
				GCC_NO_COMMON_BLOCKS = YES;
				GCC_WARN_64_TO_32_BIT_CONVERSION = YES;
				GCC_WARN_ABOUT_RETURN_TYPE = YES_ERROR;
				GCC_WARN_UNDECLARED_SELECTOR = YES;
				GCC_WARN_UNINITIALIZED_AUTOS = YES_AGGRESSIVE;
				GCC_WARN_UNUSED_FUNCTION = YES;
				GCC_WARN_UNUSED_VARIABLE = YES;
				IPHONEOS_DEPLOYMENT_TARGET = 15.4;
				MTL_ENABLE_DEBUG_INFO = NO;
				MTL_FAST_MATH = YES;
				SDKROOT = iphoneos;
				SWIFT_COMPILATION_MODE = wholemodule;
				SWIFT_OPTIMIZATION_LEVEL = "-O";
				VALIDATE_PRODUCT = YES;
			};
			name = Release;
		};
		EF65FE632819C89100746FBA /* Debug */ = {
			isa = XCBuildConfiguration;
			baseConfigurationReference = 4E2D956062EE63665DAAEF63 /* Pods-GithubRepos.debug.xcconfig */;
			buildSettings = {
				ASSETCATALOG_COMPILER_APPICON_NAME = AppIcon;
				ASSETCATALOG_COMPILER_GLOBAL_ACCENT_COLOR_NAME = AccentColor;
				CODE_SIGN_STYLE = Automatic;
				CURRENT_PROJECT_VERSION = 1;
				DEVELOPMENT_TEAM = VY964QG6LS;
				GENERATE_INFOPLIST_FILE = YES;
				INFOPLIST_FILE = GithubRepos/Info.plist;
				INFOPLIST_KEY_UIApplicationSupportsIndirectInputEvents = YES;
				INFOPLIST_KEY_UILaunchStoryboardName = LaunchScreen;
				INFOPLIST_KEY_UISupportedInterfaceOrientations_iPad = "UIInterfaceOrientationPortrait UIInterfaceOrientationPortraitUpsideDown UIInterfaceOrientationLandscapeLeft UIInterfaceOrientationLandscapeRight";
				INFOPLIST_KEY_UISupportedInterfaceOrientations_iPhone = "UIInterfaceOrientationPortrait UIInterfaceOrientationLandscapeLeft UIInterfaceOrientationLandscapeRight";
				IPHONEOS_DEPLOYMENT_TARGET = 13.5;
				LD_RUNPATH_SEARCH_PATHS = (
					"$(inherited)",
					"@executable_path/Frameworks",
				);
				MARKETING_VERSION = 1.0;
				PRODUCT_BUNDLE_IDENTIFIER = com.mostfa.GithubRepos;
				PRODUCT_NAME = "$(TARGET_NAME)";
				SWIFT_EMIT_LOC_STRINGS = YES;
				SWIFT_VERSION = 5.0;
				TARGETED_DEVICE_FAMILY = "1,2";
			};
			name = Debug;
		};
		EF65FE642819C89100746FBA /* Release */ = {
			isa = XCBuildConfiguration;
			baseConfigurationReference = 9574E8712F13A446851EA9D7 /* Pods-GithubRepos.release.xcconfig */;
			buildSettings = {
				ASSETCATALOG_COMPILER_APPICON_NAME = AppIcon;
				ASSETCATALOG_COMPILER_GLOBAL_ACCENT_COLOR_NAME = AccentColor;
				CODE_SIGN_STYLE = Automatic;
				CURRENT_PROJECT_VERSION = 1;
				DEVELOPMENT_TEAM = VY964QG6LS;
				GENERATE_INFOPLIST_FILE = YES;
				INFOPLIST_FILE = GithubRepos/Info.plist;
				INFOPLIST_KEY_UIApplicationSupportsIndirectInputEvents = YES;
				INFOPLIST_KEY_UILaunchStoryboardName = LaunchScreen;
				INFOPLIST_KEY_UISupportedInterfaceOrientations_iPad = "UIInterfaceOrientationPortrait UIInterfaceOrientationPortraitUpsideDown UIInterfaceOrientationLandscapeLeft UIInterfaceOrientationLandscapeRight";
				INFOPLIST_KEY_UISupportedInterfaceOrientations_iPhone = "UIInterfaceOrientationPortrait UIInterfaceOrientationLandscapeLeft UIInterfaceOrientationLandscapeRight";
				IPHONEOS_DEPLOYMENT_TARGET = 13.5;
				LD_RUNPATH_SEARCH_PATHS = (
					"$(inherited)",
					"@executable_path/Frameworks",
				);
				MARKETING_VERSION = 1.0;
				PRODUCT_BUNDLE_IDENTIFIER = com.mostfa.GithubRepos;
				PRODUCT_NAME = "$(TARGET_NAME)";
				SWIFT_EMIT_LOC_STRINGS = YES;
				SWIFT_VERSION = 5.0;
				TARGETED_DEVICE_FAMILY = "1,2";
			};
			name = Release;
		};
		EF65FE662819C89100746FBA /* Debug */ = {
			isa = XCBuildConfiguration;
			baseConfigurationReference = 738356F1739D4BE53C2825DF /* Pods-GithubReposTests.debug.xcconfig */;
			buildSettings = {
				ALWAYS_EMBED_SWIFT_STANDARD_LIBRARIES = YES;
				BUNDLE_LOADER = "$(TEST_HOST)";
				CODE_SIGN_STYLE = Automatic;
				CURRENT_PROJECT_VERSION = 1;
				DEVELOPMENT_TEAM = 4P4X5M92CT;
				GENERATE_INFOPLIST_FILE = YES;
				IPHONEOS_DEPLOYMENT_TARGET = 15.4;
				MARKETING_VERSION = 1.0;
				PRODUCT_BUNDLE_IDENTIFIER = com.mostfa.GithubReposTests;
				PRODUCT_NAME = "$(TARGET_NAME)";
				SWIFT_EMIT_LOC_STRINGS = NO;
				SWIFT_VERSION = 5.0;
				TARGETED_DEVICE_FAMILY = "1,2";
				TEST_HOST = "$(BUILT_PRODUCTS_DIR)/GithubRepos.app/GithubRepos";
			};
			name = Debug;
		};
		EF65FE672819C89100746FBA /* Release */ = {
			isa = XCBuildConfiguration;
			baseConfigurationReference = 016A9374AC17A7AC47578BE1 /* Pods-GithubReposTests.release.xcconfig */;
			buildSettings = {
				ALWAYS_EMBED_SWIFT_STANDARD_LIBRARIES = YES;
				BUNDLE_LOADER = "$(TEST_HOST)";
				CODE_SIGN_STYLE = Automatic;
				CURRENT_PROJECT_VERSION = 1;
				DEVELOPMENT_TEAM = 4P4X5M92CT;
				GENERATE_INFOPLIST_FILE = YES;
				IPHONEOS_DEPLOYMENT_TARGET = 15.4;
				MARKETING_VERSION = 1.0;
				PRODUCT_BUNDLE_IDENTIFIER = com.mostfa.GithubReposTests;
				PRODUCT_NAME = "$(TARGET_NAME)";
				SWIFT_EMIT_LOC_STRINGS = NO;
				SWIFT_VERSION = 5.0;
				TARGETED_DEVICE_FAMILY = "1,2";
				TEST_HOST = "$(BUILT_PRODUCTS_DIR)/GithubRepos.app/GithubRepos";
			};
			name = Release;
		};
		EF65FE692819C89100746FBA /* Debug */ = {
			isa = XCBuildConfiguration;
			baseConfigurationReference = BB1D9D6777A8860268FE321C /* Pods-GithubRepos-GithubReposUITests.debug.xcconfig */;
			buildSettings = {
				ALWAYS_EMBED_SWIFT_STANDARD_LIBRARIES = YES;
				CODE_SIGN_STYLE = Automatic;
				CURRENT_PROJECT_VERSION = 1;
				DEVELOPMENT_TEAM = 4P4X5M92CT;
				GENERATE_INFOPLIST_FILE = YES;
				MARKETING_VERSION = 1.0;
				PRODUCT_BUNDLE_IDENTIFIER = com.mostfa.GithubReposUITests;
				PRODUCT_NAME = "$(TARGET_NAME)";
				SWIFT_EMIT_LOC_STRINGS = NO;
				SWIFT_VERSION = 5.0;
				TARGETED_DEVICE_FAMILY = "1,2";
				TEST_TARGET_NAME = GithubRepos;
			};
			name = Debug;
		};
		EF65FE6A2819C89100746FBA /* Release */ = {
			isa = XCBuildConfiguration;
			baseConfigurationReference = C5B7DFF6C8FBFA332437A0CE /* Pods-GithubRepos-GithubReposUITests.release.xcconfig */;
			buildSettings = {
				ALWAYS_EMBED_SWIFT_STANDARD_LIBRARIES = YES;
				CODE_SIGN_STYLE = Automatic;
				CURRENT_PROJECT_VERSION = 1;
				DEVELOPMENT_TEAM = 4P4X5M92CT;
				GENERATE_INFOPLIST_FILE = YES;
				MARKETING_VERSION = 1.0;
				PRODUCT_BUNDLE_IDENTIFIER = com.mostfa.GithubReposUITests;
				PRODUCT_NAME = "$(TARGET_NAME)";
				SWIFT_EMIT_LOC_STRINGS = NO;
				SWIFT_VERSION = 5.0;
				TARGETED_DEVICE_FAMILY = "1,2";
				TEST_TARGET_NAME = GithubRepos;
			};
			name = Release;
		};
/* End XCBuildConfiguration section */

/* Begin XCConfigurationList section */
		EF65FE332819C88F00746FBA /* Build configuration list for PBXProject "GithubRepos" */ = {
			isa = XCConfigurationList;
			buildConfigurations = (
				EF65FE602819C89100746FBA /* Debug */,
				EF65FE612819C89100746FBA /* Release */,
			);
			defaultConfigurationIsVisible = 0;
			defaultConfigurationName = Release;
		};
		EF65FE622819C89100746FBA /* Build configuration list for PBXNativeTarget "GithubRepos" */ = {
			isa = XCConfigurationList;
			buildConfigurations = (
				EF65FE632819C89100746FBA /* Debug */,
				EF65FE642819C89100746FBA /* Release */,
			);
			defaultConfigurationIsVisible = 0;
			defaultConfigurationName = Release;
		};
		EF65FE652819C89100746FBA /* Build configuration list for PBXNativeTarget "GithubReposTests" */ = {
			isa = XCConfigurationList;
			buildConfigurations = (
				EF65FE662819C89100746FBA /* Debug */,
				EF65FE672819C89100746FBA /* Release */,
			);
			defaultConfigurationIsVisible = 0;
			defaultConfigurationName = Release;
		};
		EF65FE682819C89100746FBA /* Build configuration list for PBXNativeTarget "GithubReposUITests" */ = {
			isa = XCConfigurationList;
			buildConfigurations = (
				EF65FE692819C89100746FBA /* Debug */,
				EF65FE6A2819C89100746FBA /* Release */,
			);
			defaultConfigurationIsVisible = 0;
			defaultConfigurationName = Release;
		};
/* End XCConfigurationList section */
	};
	rootObject = EF65FE302819C88F00746FBA /* Project object */;
}
